
Microsoft Visual Studio Solution File, Format Version 12.00
# Visual Studio Version 17
VisualStudioVersion = 17.8.34408.163
MinimumVisualStudioVersion = 10.0.40219.1
Project("{8BC9CEB8-8B4A-11D0-8D11-00A0C91BC942}") = "Lab03_Bai1D", "Lab03_Bai1D\Lab03_Bai1D.vcxproj", "{6181C98E-DD03-4D65-B586-1AAF6B51C423}"
EndProject
Project("{8BC9CEB8-8B4A-11D0-8D11-00A0C91BC942}") = "Lab03_Bai2D", "Lab03_Bai2D\Lab03_Bai2D.vcxproj", "{716D9C9E-C382-404C-9A21-DFE0E0A93063}"
EndProject
Project("{8BC9CEB8-8B4A-11D0-8D11-00A0C91BC942}") = "Lab03_Bai3D", "Lab03_Bai3D\Lab03_Bai3D.vcxproj", "{7EA5FAA0-0D55-4710-BC49-3573EFCD096A}"
EndProject
Project("{8BC9CEB8-8B4A-11D0-8D11-00A0C91BC942}") = "Lab03_Bai1E", "Lab03_Bai1E\Lab03_Bai1E.vcxproj", "{E41E4230-5793-43C9-BC8E-B365D0CE2469}"
EndProject
Project("{8BC9CEB8-8B4A-11D0-8D11-00A0C91BC942}") = "Lab03_Bai2E", "Lab03_Bai2E\Lab03_Bai2E.vcxproj", "{F2C62854-5F9F-43A2-A818-E06AD0991A15}"
EndProject
Project("{8BC9CEB8-8B4A-11D0-8D11-00A0C91BC942}") = "Lab03_Bai3E", "Lab03_Bai3E\Lab03_Bai3E.vcxproj", "{B8515DAA-FEC0-4DA5-9B2B-E3707CE8B6DE}"
EndProject
Project("{8BC9CEB8-8B4A-11D0-8D11-00A0C91BC942}") = "Lab03_Bai4E", "Lab03_Bai4E\Lab03_Bai4E.vcxproj", "{E5966FB8-A58F-4CE5-9737-414701FFDA5C}"
EndProject
Project("{8BC9CEB8-8B4A-11D0-8D11-00A0C91BC942}") = "Lab03_Bai5E", "Lab03_Bai5E\Lab03_Bai5E.vcxproj", "{2F820136-73D5-4CB2-BB6A-4C04B9B8F8D1}"
EndProject
Global
	GlobalSection(SolutionConfigurationPlatforms) = preSolution
		Debug|x64 = Debug|x64
		Debug|x86 = Debug|x86
		Release|x64 = Release|x64
		Release|x86 = Release|x86
	EndGlobalSection
	GlobalSection(ProjectConfigurationPlatforms) = postSolution
		{6181C98E-DD03-4D65-B586-1AAF6B51C423}.Debug|x64.ActiveCfg = Debug|x64
		{6181C98E-DD03-4D65-B586-1AAF6B51C423}.Debug|x64.Build.0 = Debug|x64
		{6181C98E-DD03-4D65-B586-1AAF6B51C423}.Debug|x86.ActiveCfg = Debug|Win32
		{6181C98E-DD03-4D65-B586-1AAF6B51C423}.Debug|x86.Build.0 = Debug|Win32
		{6181C98E-DD03-4D65-B586-1AAF6B51C423}.Release|x64.ActiveCfg = Release|x64
		{6181C98E-DD03-4D65-B586-1AAF6B51C423}.Release|x64.Build.0 = Release|x64
		{6181C98E-DD03-4D65-B586-1AAF6B51C423}.Release|x86.ActiveCfg = Release|Win32
		{6181C98E-DD03-4D65-B586-1AAF6B51C423}.Release|x86.Build.0 = Release|Win32
		{716D9C9E-C382-404C-9A21-DFE0E0A93063}.Debug|x64.ActiveCfg = Debug|x64
		{716D9C9E-C382-404C-9A21-DFE0E0A93063}.Debug|x64.Build.0 = Debug|x64
		{716D9C9E-C382-404C-9A21-DFE0E0A93063}.Debug|x86.ActiveCfg = Debug|Win32
		{716D9C9E-C382-404C-9A21-DFE0E0A93063}.Debug|x86.Build.0 = Debug|Win32
		{716D9C9E-C382-404C-9A21-DFE0E0A93063}.Release|x64.ActiveCfg = Release|x64
		{716D9C9E-C382-404C-9A21-DFE0E0A93063}.Release|x64.Build.0 = Release|x64
		{716D9C9E-C382-404C-9A21-DFE0E0A93063}.Release|x86.ActiveCfg = Release|Win32
		{716D9C9E-C382-404C-9A21-DFE0E0A93063}.Release|x86.Build.0 = Release|Win32
		{7EA5FAA0-0D55-4710-BC49-3573EFCD096A}.Debug|x64.ActiveCfg = Debug|x64
		{7EA5FAA0-0D55-4710-BC49-3573EFCD096A}.Debug|x64.Build.0 = Debug|x64
		{7EA5FAA0-0D55-4710-BC49-3573EFCD096A}.Debug|x86.ActiveCfg = Debug|Win32
		{7EA5FAA0-0D55-4710-BC49-3573EFCD096A}.Debug|x86.Build.0 = Debug|Win32
		{7EA5FAA0-0D55-4710-BC49-3573EFCD096A}.Release|x64.ActiveCfg = Release|x64
		{7EA5FAA0-0D55-4710-BC49-3573EFCD096A}.Release|x64.Build.0 = Release|x64
		{7EA5FAA0-0D55-4710-BC49-3573EFCD096A}.Release|x86.ActiveCfg = Release|Win32
		{7EA5FAA0-0D55-4710-BC49-3573EFCD096A}.Release|x86.Build.0 = Release|Win32
		{E41E4230-5793-43C9-BC8E-B365D0CE2469}.Debug|x64.ActiveCfg = Debug|x64
		{E41E4230-5793-43C9-BC8E-B365D0CE2469}.Debug|x64.Build.0 = Debug|x64
		{E41E4230-5793-43C9-BC8E-B365D0CE2469}.Debug|x86.ActiveCfg = Debug|Win32
		{E41E4230-5793-43C9-BC8E-B365D0CE2469}.Debug|x86.Build.0 = Debug|Win32
		{E41E4230-5793-43C9-BC8E-B365D0CE2469}.Release|x64.ActiveCfg = Release|x64
		{E41E4230-5793-43C9-BC8E-B365D0CE2469}.Release|x64.Build.0 = Release|x64
		{E41E4230-5793-43C9-BC8E-B365D0CE2469}.Release|x86.ActiveCfg = Release|Win32
		{E41E4230-5793-43C9-BC8E-B365D0CE2469}.Release|x86.Build.0 = Release|Win32
		{F2C62854-5F9F-43A2-A818-E06AD0991A15}.Debug|x64.ActiveCfg = Debug|x64
		{F2C62854-5F9F-43A2-A818-E06AD0991A15}.Debug|x64.Build.0 = Debug|x64
		{F2C62854-5F9F-43A2-A818-E06AD0991A15}.Debug|x86.ActiveCfg = Debug|Win32
		{F2C62854-5F9F-43A2-A818-E06AD0991A15}.Debug|x86.Build.0 = Debug|Win32
		{F2C62854-5F9F-43A2-A818-E06AD0991A15}.Release|x64.ActiveCfg = Release|x64
		{F2C62854-5F9F-43A2-A818-E06AD0991A15}.Release|x64.Build.0 = Release|x64
		{F2C62854-5F9F-43A2-A818-E06AD0991A15}.Release|x86.ActiveCfg = Release|Win32
		{F2C62854-5F9F-43A2-A818-E06AD0991A15}.Release|x86.Build.0 = Release|Win32
		{B8515DAA-FEC0-4DA5-9B2B-E3707CE8B6DE}.Debug|x64.ActiveCfg = Debug|x64
		{B8515DAA-FEC0-4DA5-9B2B-E3707CE8B6DE}.Debug|x64.Build.0 = Debug|x64
		{B8515DAA-FEC0-4DA5-9B2B-E3707CE8B6DE}.Debug|x86.ActiveCfg = Debug|Win32
		{B8515DAA-FEC0-4DA5-9B2B-E3707CE8B6DE}.Debug|x86.Build.0 = Debug|Win32
		{B8515DAA-FEC0-4DA5-9B2B-E3707CE8B6DE}.Release|x64.ActiveCfg = Release|x64
		{B8515DAA-FEC0-4DA5-9B2B-E3707CE8B6DE}.Release|x64.Build.0 = Release|x64
		{B8515DAA-FEC0-4DA5-9B2B-E3707CE8B6DE}.Release|x86.ActiveCfg = Release|Win32
		{B8515DAA-FEC0-4DA5-9B2B-E3707CE8B6DE}.Release|x86.Build.0 = Release|Win32
		{E5966FB8-A58F-4CE5-9737-414701FFDA5C}.Debug|x64.ActiveCfg = Debug|x64
		{E5966FB8-A58F-4CE5-9737-414701FFDA5C}.Debug|x64.Build.0 = Debug|x64
		{E5966FB8-A58F-4CE5-9737-414701FFDA5C}.Debug|x86.ActiveCfg = Debug|Win32
		{E5966FB8-A58F-4CE5-9737-414701FFDA5C}.Debug|x86.Build.0 = Debug|Win32
		{E5966FB8-A58F-4CE5-9737-414701FFDA5C}.Release|x64.ActiveCfg = Release|x64
		{E5966FB8-A58F-4CE5-9737-414701FFDA5C}.Release|x64.Build.0 = Release|x64
		{E5966FB8-A58F-4CE5-9737-414701FFDA5C}.Release|x86.ActiveCfg = Release|Win32
		{E5966FB8-A58F-4CE5-9737-414701FFDA5C}.Release|x86.Build.0 = Release|Win32
		{2F820136-73D5-4CB2-BB6A-4C04B9B8F8D1}.Debug|x64.ActiveCfg = Debug|x64
		{2F820136-73D5-4CB2-BB6A-4C04B9B8F8D1}.Debug|x64.Build.0 = Debug|x64
		{2F820136-73D5-4CB2-BB6A-4C04B9B8F8D1}.Debug|x86.ActiveCfg = Debug|Win32
		{2F820136-73D5-4CB2-BB6A-4C04B9B8F8D1}.Debug|x86.Build.0 = Debug|Win32
		{2F820136-73D5-4CB2-BB6A-4C04B9B8F8D1}.Release|x64.ActiveCfg = Release|x64
		{2F820136-73D5-4CB2-BB6A-4C04B9B8F8D1}.Release|x64.Build.0 = Release|x64
		{2F820136-73D5-4CB2-BB6A-4C04B9B8F8D1}.Release|x86.ActiveCfg = Release|Win32
		{2F820136-73D5-4CB2-BB6A-4C04B9B8F8D1}.Release|x86.Build.0 = Release|Win32
	EndGlobalSection
	GlobalSection(SolutionProperties) = preSolution
		HideSolutionNode = FALSE
	EndGlobalSection
	GlobalSection(ExtensibilityGlobals) = postSolution
		SolutionGuid = {CD43EF51-EBD7-4EF7-9F04-1080C22C9625}
	EndGlobalSection
EndGlobal
